
Microsoft Visual Studio Solution File, Format Version 12.00
# Visual Studio Version 17
VisualStudioVersion = 17.1.32228.430
MinimumVisualStudioVersion = 10.0.40219.1
Project("{FAE04EC0-301F-11D3-BF4B-00C04F79EFBC}") = "ConsoleApp2", "ConsoleApp2.csproj", "{FE335865-EBD2-4ADD-9A70-8D963088668D}"
EndProject
Global
	GlobalSection(SolutionConfigurationPlatforms) = preSolution
		Debug|Any CPU = Debug|Any CPU
		Release|Any CPU = Release|Any CPU
	EndGlobalSection
	GlobalSection(ProjectConfigurationPlatforms) = postSolution
		{FE335865-EBD2-4ADD-9A70-8D963088668D}.Debug|Any CPU.ActiveCfg = Debug|Any CPU
		{FE335865-EBD2-4ADD-9A70-8D963088668D}.Debug|Any CPU.Build.0 = Debug|Any CPU
		{FE335865-EBD2-4ADD-9A70-8D963088668D}.Release|Any CPU.ActiveCfg = Release|Any CPU
		{FE335865-EBD2-4ADD-9A70-8D963088668D}.Release|Any CPU.Build.0 = Release|Any CPU
	EndGlobalSection
	GlobalSection(SolutionProperties) = preSolution
		HideSolutionNode = FALSE
	EndGlobalSection
	GlobalSection(ExtensibilityGlobals) = postSolution
		SolutionGuid = {CD5B914F-EE9D-4443-BF98-8F8A8FE1C5D6}
	EndGlobalSection
EndGlobal
